
Microsoft Visual Studio Solution File, Format Version 12.00
# Visual Studio Version 17
VisualStudioVersion = 17.4.33205.214
MinimumVisualStudioVersion = 10.0.40219.1
Project("{9A19103F-16F7-4668-BE54-9A1E7A4F7556}") = "AutoPASAPI", "AutoPASAPI\AutoPASAPI.csproj", "{FAB65F60-0711-425D-95ED-16E5EF4E8376}"
EndProject
Project("{2150E333-8FDC-42A3-9474-1A3956D46DE8}") = "1-API Layer", "1-API Layer", "{00BC72D0-511E-46A1-85B0-96C73F39DBDC}"
EndProject
Project("{2150E333-8FDC-42A3-9474-1A3956D46DE8}") = "3-Business Layer", "3-Business Layer", "{107EDF5A-DD24-4721-8335-83F7D2A59B7E}"
EndProject
Project("{9A19103F-16F7-4668-BE54-9A1E7A4F7556}") = "AutoPASBL", "AutoPASBL\AutoPASBL.csproj", "{519826DF-218E-49B3-9D62-FB8A1EDEF4C6}"
EndProject
Project("{2150E333-8FDC-42A3-9474-1A3956D46DE8}") = "2-Application Layer", "2-Application Layer", "{3FEA0639-6AD3-4D1C-BBFA-A740BC150556}"
EndProject
Project("{2150E333-8FDC-42A3-9474-1A3956D46DE8}") = "4-Service Layer", "4-Service Layer", "{3885E1B2-6027-4505-8614-151C352B2CDA}"
EndProject
Project("{9A19103F-16F7-4668-BE54-9A1E7A4F7556}") = "AutoPASSL", "AutoPASSL\AutoPASSL.csproj", "{9FBCDC40-AF67-4F3B-9EDC-7B3A9E0E1C47}"
EndProject
Project("{2150E333-8FDC-42A3-9474-1A3956D46DE8}") = "Test", "Test", "{B61925F3-1D84-4D54-8902-D8AB67B68403}"
EndProject
Project("{9A19103F-16F7-4668-BE54-9A1E7A4F7556}") = "AutoPASAPITests", "AutoPASTests\AutoPASAPITests.csproj", "{0A77E3FE-873F-4101-8C7B-49986B92379C}"
EndProject
Project("{2150E333-8FDC-42A3-9474-1A3956D46DE8}") = "Business Layer", "Business Layer", "{A8BFA654-7BEE-4924-9494-C342EF024603}"
EndProject
Project("{2150E333-8FDC-42A3-9474-1A3956D46DE8}") = "Data Model Layer", "Data Model Layer", "{C0D4FCDC-E01F-491F-9C1F-8CC7519120D1}"
EndProject
Project("{9A19103F-16F7-4668-BE54-9A1E7A4F7556}") = "AutoPASAL", "AutoPASAL\AutoPASAL.csproj", "{D4F935A7-467B-4F59-A472-DB4ED51BCEEF}"
EndProject
Project("{9A19103F-16F7-4668-BE54-9A1E7A4F7556}") = "AutoPASDML", "AutoPASDML\AutoPASDML.csproj", "{F9024B27-6309-48CE-89D6-2C09C5A60BD0}"
EndProject
Global
	GlobalSection(SolutionConfigurationPlatforms) = preSolution
		Debug|Any CPU = Debug|Any CPU
		Release|Any CPU = Release|Any CPU
	EndGlobalSection
	GlobalSection(ProjectConfigurationPlatforms) = postSolution
		{FAB65F60-0711-425D-95ED-16E5EF4E8376}.Debug|Any CPU.ActiveCfg = Debug|Any CPU
		{FAB65F60-0711-425D-95ED-16E5EF4E8376}.Debug|Any CPU.Build.0 = Debug|Any CPU
		{FAB65F60-0711-425D-95ED-16E5EF4E8376}.Release|Any CPU.ActiveCfg = Release|Any CPU
		{FAB65F60-0711-425D-95ED-16E5EF4E8376}.Release|Any CPU.Build.0 = Release|Any CPU
		{519826DF-218E-49B3-9D62-FB8A1EDEF4C6}.Debug|Any CPU.ActiveCfg = Debug|Any CPU
		{519826DF-218E-49B3-9D62-FB8A1EDEF4C6}.Debug|Any CPU.Build.0 = Debug|Any CPU
		{519826DF-218E-49B3-9D62-FB8A1EDEF4C6}.Release|Any CPU.ActiveCfg = Release|Any CPU
		{519826DF-218E-49B3-9D62-FB8A1EDEF4C6}.Release|Any CPU.Build.0 = Release|Any CPU
		{9FBCDC40-AF67-4F3B-9EDC-7B3A9E0E1C47}.Debug|Any CPU.ActiveCfg = Debug|Any CPU
		{9FBCDC40-AF67-4F3B-9EDC-7B3A9E0E1C47}.Debug|Any CPU.Build.0 = Debug|Any CPU
		{9FBCDC40-AF67-4F3B-9EDC-7B3A9E0E1C47}.Release|Any CPU.ActiveCfg = Release|Any CPU
		{9FBCDC40-AF67-4F3B-9EDC-7B3A9E0E1C47}.Release|Any CPU.Build.0 = Release|Any CPU
		{0A77E3FE-873F-4101-8C7B-49986B92379C}.Debug|Any CPU.ActiveCfg = Debug|Any CPU
		{0A77E3FE-873F-4101-8C7B-49986B92379C}.Debug|Any CPU.Build.0 = Debug|Any CPU
		{0A77E3FE-873F-4101-8C7B-49986B92379C}.Release|Any CPU.ActiveCfg = Release|Any CPU
		{0A77E3FE-873F-4101-8C7B-49986B92379C}.Release|Any CPU.Build.0 = Release|Any CPU
		{D4F935A7-467B-4F59-A472-DB4ED51BCEEF}.Debug|Any CPU.ActiveCfg = Debug|Any CPU
		{D4F935A7-467B-4F59-A472-DB4ED51BCEEF}.Debug|Any CPU.Build.0 = Debug|Any CPU
		{D4F935A7-467B-4F59-A472-DB4ED51BCEEF}.Release|Any CPU.ActiveCfg = Release|Any CPU
		{D4F935A7-467B-4F59-A472-DB4ED51BCEEF}.Release|Any CPU.Build.0 = Release|Any CPU
		{F9024B27-6309-48CE-89D6-2C09C5A60BD0}.Debug|Any CPU.ActiveCfg = Debug|Any CPU
		{F9024B27-6309-48CE-89D6-2C09C5A60BD0}.Debug|Any CPU.Build.0 = Debug|Any CPU
		{F9024B27-6309-48CE-89D6-2C09C5A60BD0}.Release|Any CPU.ActiveCfg = Release|Any CPU
		{F9024B27-6309-48CE-89D6-2C09C5A60BD0}.Release|Any CPU.Build.0 = Release|Any CPU
	EndGlobalSection
	GlobalSection(SolutionProperties) = preSolution
		HideSolutionNode = FALSE
	EndGlobalSection
	GlobalSection(NestedProjects) = preSolution
		{FAB65F60-0711-425D-95ED-16E5EF4E8376} = {00BC72D0-511E-46A1-85B0-96C73F39DBDC}
		{519826DF-218E-49B3-9D62-FB8A1EDEF4C6} = {A8BFA654-7BEE-4924-9494-C342EF024603}
		{9FBCDC40-AF67-4F3B-9EDC-7B3A9E0E1C47} = {3885E1B2-6027-4505-8614-151C352B2CDA}
		{0A77E3FE-873F-4101-8C7B-49986B92379C} = {B61925F3-1D84-4D54-8902-D8AB67B68403}
		{A8BFA654-7BEE-4924-9494-C342EF024603} = {107EDF5A-DD24-4721-8335-83F7D2A59B7E}
		{C0D4FCDC-E01F-491F-9C1F-8CC7519120D1} = {107EDF5A-DD24-4721-8335-83F7D2A59B7E}
		{D4F935A7-467B-4F59-A472-DB4ED51BCEEF} = {3FEA0639-6AD3-4D1C-BBFA-A740BC150556}
		{F9024B27-6309-48CE-89D6-2C09C5A60BD0} = {C0D4FCDC-E01F-491F-9C1F-8CC7519120D1}
	EndGlobalSection
	GlobalSection(ExtensibilityGlobals) = postSolution
		SolutionGuid = {A419B8A8-7534-4DBF-9680-BC5FD3D22697}
	EndGlobalSection
EndGlobal
